
Microsoft Visual Studio Solution File, Format Version 12.00
# Visual Studio Version 16
VisualStudioVersion = 16.0.29613.14
MinimumVisualStudioVersion = 10.0.40219.1
Project("{8BC9CEB8-8B4A-11D0-8D11-00A0C91BC942}") = "DirectX_TEST", "DirectX_TEST.vcxproj", "{E0CBBC1D-8A89-43B2-8062-04D286273DEB}"
EndProject
Global
	GlobalSection(SolutionConfigurationPlatforms) = preSolution
		Debug|x64 = Debug|x64
		Debug|x86 = Debug|x86
		Release|x64 = Release|x64
		Release|x86 = Release|x86
	EndGlobalSection
	GlobalSection(ProjectConfigurationPlatforms) = postSolution
		{E0CBBC1D-8A89-43B2-8062-04D286273DEB}.Debug|x64.ActiveCfg = Debug|x64
		{E0CBBC1D-8A89-43B2-8062-04D286273DEB}.Debug|x64.Build.0 = Debug|x64
		{E0CBBC1D-8A89-43B2-8062-04D286273DEB}.Debug|x86.ActiveCfg = Debug|Win32
		{E0CBBC1D-8A89-43B2-8062-04D286273DEB}.Debug|x86.Build.0 = Debug|Win32
		{E0CBBC1D-8A89-43B2-8062-04D286273DEB}.Release|x64.ActiveCfg = Release|x64
		{E0CBBC1D-8A89-43B2-8062-04D286273DEB}.Release|x64.Build.0 = Release|x64
		{E0CBBC1D-8A89-43B2-8062-04D286273DEB}.Release|x86.ActiveCfg = Release|Win32
		{E0CBBC1D-8A89-43B2-8062-04D286273DEB}.Release|x86.Build.0 = Release|Win32
	EndGlobalSection
	GlobalSection(SolutionProperties) = preSolution
		HideSolutionNode = FALSE
	EndGlobalSection
	GlobalSection(ExtensibilityGlobals) = postSolution
		SolutionGuid = {C6FD5677-DA99-4A60-8487-22EDCF855725}
	EndGlobalSection
EndGlobal
